
Microsoft Visual Studio Solution File, Format Version 12.00
# Visual Studio Version 16
VisualStudioVersion = 16.0.31613.86
MinimumVisualStudioVersion = 10.0.40219.1
Project("{FAE04EC0-301F-11D3-BF4B-00C04F79EFBC}") = "PeopleAjax3.Web", "PeopleAjax3.Web\PeopleAjax3.Web.csproj", "{ECDD4B43-CC3C-44BD-8CC4-B9FFE907A33C}"
EndProject
Project("{FAE04EC0-301F-11D3-BF4B-00C04F79EFBC}") = "PeopleAjax3.Data", "PeopleAjax3.Data\PeopleAjax3.Data.csproj", "{D26F6C43-3151-4EE7-A36C-A0379098046A}"
EndProject
Global
	GlobalSection(SolutionConfigurationPlatforms) = preSolution
		Debug|Any CPU = Debug|Any CPU
		Release|Any CPU = Release|Any CPU
	EndGlobalSection
	GlobalSection(ProjectConfigurationPlatforms) = postSolution
		{ECDD4B43-CC3C-44BD-8CC4-B9FFE907A33C}.Debug|Any CPU.ActiveCfg = Debug|Any CPU
		{ECDD4B43-CC3C-44BD-8CC4-B9FFE907A33C}.Debug|Any CPU.Build.0 = Debug|Any CPU
		{ECDD4B43-CC3C-44BD-8CC4-B9FFE907A33C}.Release|Any CPU.ActiveCfg = Release|Any CPU
		{ECDD4B43-CC3C-44BD-8CC4-B9FFE907A33C}.Release|Any CPU.Build.0 = Release|Any CPU
		{D26F6C43-3151-4EE7-A36C-A0379098046A}.Debug|Any CPU.ActiveCfg = Debug|Any CPU
		{D26F6C43-3151-4EE7-A36C-A0379098046A}.Debug|Any CPU.Build.0 = Debug|Any CPU
		{D26F6C43-3151-4EE7-A36C-A0379098046A}.Release|Any CPU.ActiveCfg = Release|Any CPU
		{D26F6C43-3151-4EE7-A36C-A0379098046A}.Release|Any CPU.Build.0 = Release|Any CPU
	EndGlobalSection
	GlobalSection(SolutionProperties) = preSolution
		HideSolutionNode = FALSE
	EndGlobalSection
	GlobalSection(ExtensibilityGlobals) = postSolution
		SolutionGuid = {BC558DA0-CAD2-4F9D-8A36-9D8E2886442B}
	EndGlobalSection
EndGlobal
